
Microsoft Visual Studio Solution File, Format Version 12.00
Project("{FAE04EC0-301F-11D3-BF4B-00C04F79EFBC}") = "RocketMonitor.API", "RocketMonitor.API\RocketMonitor.API.csproj", "{48E2D7C1-7453-4C7D-AFA6-A3AF0F01BC46}"
EndProject
Project("{FAE04EC0-301F-11D3-BF4B-00C04F79EFBC}") = "RocketMonitor.Domain", "RocketMonitor.Domain\RocketMonitor.Domain.csproj", "{D70A0580-A93C-4415-B1C6-07F80661D73F}"
EndProject
Project("{FAE04EC0-301F-11D3-BF4B-00C04F79EFBC}") = "RocketMonitor.MemoryEventStore", "RocketMonitor.MemoryEventStore\RocketMonitor.MemoryEventStore.csproj", "{1B095C06-6F2B-49CB-A01A-8C3D09C2D437}"
EndProject
Project("{FAE04EC0-301F-11D3-BF4B-00C04F79EFBC}") = "RocketMonitor.Infrastructure", "RocketMonitor.Infrastructure\RocketMonitor.Infrastructure.csproj", "{30FB8CB3-BFB8-4363-882D-EF8F5B020A51}"
EndProject
Project("{FAE04EC0-301F-11D3-BF4B-00C04F79EFBC}") = "RocketMonitor.Service", "RocketMonitor.Service\RocketMonitor.Service.csproj", "{A1EE1E06-820C-4351-95D2-5AB8F1D17CC7}"
EndProject
Project("{FAE04EC0-301F-11D3-BF4B-00C04F79EFBC}") = "RocketMonitor.Service.xUnit", "RocketMonitor.Service.xUnit\RocketMonitor.Service.xUnit.csproj", "{8EE678FE-3E3A-4D18-8E46-75BC86D8E066}"
EndProject
Global
	GlobalSection(SolutionConfigurationPlatforms) = preSolution
		Debug|Any CPU = Debug|Any CPU
		Release|Any CPU = Release|Any CPU
	EndGlobalSection
	GlobalSection(ProjectConfigurationPlatforms) = postSolution
		{48E2D7C1-7453-4C7D-AFA6-A3AF0F01BC46}.Debug|Any CPU.ActiveCfg = Debug|Any CPU
		{48E2D7C1-7453-4C7D-AFA6-A3AF0F01BC46}.Debug|Any CPU.Build.0 = Debug|Any CPU
		{48E2D7C1-7453-4C7D-AFA6-A3AF0F01BC46}.Release|Any CPU.ActiveCfg = Release|Any CPU
		{48E2D7C1-7453-4C7D-AFA6-A3AF0F01BC46}.Release|Any CPU.Build.0 = Release|Any CPU
		{D70A0580-A93C-4415-B1C6-07F80661D73F}.Debug|Any CPU.ActiveCfg = Debug|Any CPU
		{D70A0580-A93C-4415-B1C6-07F80661D73F}.Debug|Any CPU.Build.0 = Debug|Any CPU
		{D70A0580-A93C-4415-B1C6-07F80661D73F}.Release|Any CPU.ActiveCfg = Release|Any CPU
		{D70A0580-A93C-4415-B1C6-07F80661D73F}.Release|Any CPU.Build.0 = Release|Any CPU
		{1B095C06-6F2B-49CB-A01A-8C3D09C2D437}.Debug|Any CPU.ActiveCfg = Debug|Any CPU
		{1B095C06-6F2B-49CB-A01A-8C3D09C2D437}.Debug|Any CPU.Build.0 = Debug|Any CPU
		{1B095C06-6F2B-49CB-A01A-8C3D09C2D437}.Release|Any CPU.ActiveCfg = Release|Any CPU
		{1B095C06-6F2B-49CB-A01A-8C3D09C2D437}.Release|Any CPU.Build.0 = Release|Any CPU
		{30FB8CB3-BFB8-4363-882D-EF8F5B020A51}.Debug|Any CPU.ActiveCfg = Debug|Any CPU
		{30FB8CB3-BFB8-4363-882D-EF8F5B020A51}.Debug|Any CPU.Build.0 = Debug|Any CPU
		{30FB8CB3-BFB8-4363-882D-EF8F5B020A51}.Release|Any CPU.ActiveCfg = Release|Any CPU
		{30FB8CB3-BFB8-4363-882D-EF8F5B020A51}.Release|Any CPU.Build.0 = Release|Any CPU
		{A1EE1E06-820C-4351-95D2-5AB8F1D17CC7}.Debug|Any CPU.ActiveCfg = Debug|Any CPU
		{A1EE1E06-820C-4351-95D2-5AB8F1D17CC7}.Debug|Any CPU.Build.0 = Debug|Any CPU
		{A1EE1E06-820C-4351-95D2-5AB8F1D17CC7}.Release|Any CPU.ActiveCfg = Release|Any CPU
		{A1EE1E06-820C-4351-95D2-5AB8F1D17CC7}.Release|Any CPU.Build.0 = Release|Any CPU
		{8EE678FE-3E3A-4D18-8E46-75BC86D8E066}.Debug|Any CPU.ActiveCfg = Debug|Any CPU
		{8EE678FE-3E3A-4D18-8E46-75BC86D8E066}.Debug|Any CPU.Build.0 = Debug|Any CPU
		{8EE678FE-3E3A-4D18-8E46-75BC86D8E066}.Release|Any CPU.ActiveCfg = Release|Any CPU
		{8EE678FE-3E3A-4D18-8E46-75BC86D8E066}.Release|Any CPU.Build.0 = Release|Any CPU
	EndGlobalSection
EndGlobal
